// !$*UTF8*$!
{
	archiveVersion = 1;
	classes = {
	};
	objectVersion = 48;
	objects = {

/* Begin PBXBuildFile section */
		00AE97302015B91500C485FE /* AppDelegate.swift in Sources */ = {isa = PBXBuildFile; fileRef = 00AE972F2015B91500C485FE /* AppDelegate.swift */; };
		00AE97322015B91500C485FE /* ViewController.swift in Sources */ = {isa = PBXBuildFile; fileRef = 00AE97312015B91500C485FE /* ViewController.swift */; };
		00AE97352015B91500C485FE /* Main.storyboard in Resources */ = {isa = PBXBuildFile; fileRef = 00AE97332015B91500C485FE /* Main.storyboard */; };
		00AE97372015B91500C485FE /* Assets.xcassets in Resources */ = {isa = PBXBuildFile; fileRef = 00AE97362015B91500C485FE /* Assets.xcassets */; };
		00AE973A2015B91500C485FE /* LaunchScreen.storyboard in Resources */ = {isa = PBXBuildFile; fileRef = 00AE97382015B91500C485FE /* LaunchScreen.storyboard */; };
		00AE97442015D67700C485FE /* ModelConstants.swift in Sources */ = {isa = PBXBuildFile; fileRef = 00AE97432015D67700C485FE /* ModelConstants.swift */; };
		00AE97462016E31100C485FE /* MyActivityClassifier.mlmodel in Sources */ = {isa = PBXBuildFile; fileRef = 00AE97452016E31100C485FE /* MyActivityClassifier.mlmodel */; };
/* End PBXBuildFile section */

/* Begin PBXFileReference section */
		00AE972C2015B91500C485FE /* MotionGraphs.app */ = {isa = PBXFileReference; explicitFileType = wrapper.application; includeInIndex = 0; path = MotionGraphs.app; sourceTree = BUILT_PRODUCTS_DIR; };
		00AE972F2015B91500C485FE /* AppDelegate.swift */ = {isa = PBXFileReference; lastKnownFileType = sourcecode.swift; path = AppDelegate.swift; sourceTree = "<group>"; };
		00AE97312015B91500C485FE /* ViewController.swift */ = {isa = PBXFileReference; lastKnownFileType = sourcecode.swift; path = ViewController.swift; sourceTree = "<group>"; };
		00AE97342015B91500C485FE /* Base */ = {isa = PBXFileReference; lastKnownFileType = file.storyboard; name = Base; path = Base.lproj/Main.storyboard; sourceTree = "<group>"; };
		00AE97362015B91500C485FE /* Assets.xcassets */ = {isa = PBXFileReference; lastKnownFileType = folder.assetcatalog; path = Assets.xcassets; sourceTree = "<group>"; };
		00AE97392015B91500C485FE /* Base */ = {isa = PBXFileReference; lastKnownFileType = file.storyboard; name = Base; path = Base.lproj/LaunchScreen.storyboard; sourceTree = "<group>"; };
		00AE973B2015B91500C485FE /* Info.plist */ = {isa = PBXFileReference; lastKnownFileType = text.plist.xml; path = Info.plist; sourceTree = "<group>"; };
		00AE97432015D67700C485FE /* ModelConstants.swift */ = {isa = PBXFileReference; lastKnownFileType = sourcecode.swift; path = ModelConstants.swift; sourceTree = "<group>"; };
		00AE97452016E31100C485FE /* MyActivityClassifier.mlmodel */ = {isa = PBXFileReference; lastKnownFileType = file.mlmodel; name = MyActivityClassifier.mlmodel; path = ../Code/MyActivityClassifier.mlmodel; sourceTree = "<group>"; };
/* End PBXFileReference section */

/* Begin PBXFrameworksBuildPhase section */
		00AE97292015B91500C485FE /* Frameworks */ = {
			isa = PBXFrameworksBuildPhase;
			buildActionMask = 2147483647;
			files = (
			);
			runOnlyForDeploymentPostprocessing = 0;
		};
/* End PBXFrameworksBuildPhase section */

/* Begin PBXGroup section */
		00AE97232015B91500C485FE = {
			isa = PBXGroup;
			children = (
				00AE97452016E31100C485FE /* MyActivityClassifier.mlmodel */,
				00AE972E2015B91500C485FE /* MotionGraphs */,
				00AE972D2015B91500C485FE /* Products */,
			);
			sourceTree = "<group>";
		};
		00AE972D2015B91500C485FE /* Products */ = {
			isa = PBXGroup;
			children = (
				00AE972C2015B91500C485FE /* MotionGraphs.app */,
			);
			name = Products;
			sourceTree = "<group>";
		};
		00AE972E2015B91500C485FE /* MotionGraphs */ = {
			isa = PBXGroup;
			children = (
				00AE972F2015B91500C485FE /* AppDelegate.swift */,
				00AE97312015B91500C485FE /* ViewController.swift */,
				00AE97432015D67700C485FE /* ModelConstants.swift */,
				00AE97332015B91500C485FE /* Main.storyboard */,
				00AE97362015B91500C485FE /* Assets.xcassets */,
				00AE97382015B91500C485FE /* LaunchScreen.storyboard */,
				00AE973B2015B91500C485FE /* Info.plist */,
			);
			path = MotionGraphs;
			sourceTree = "<group>";
		};
/* End PBXGroup section */

/* Begin PBXNativeTarget section */
		00AE972B2015B91500C485FE /* MotionGraphs */ = {
			isa = PBXNativeTarget;
			buildConfigurationList = 00AE973E2015B91500C485FE /* Build configuration list for PBXNativeTarget "MotionGraphs" */;
			buildPhases = (
				00AE97282015B91500C485FE /* Sources */,
				00AE97292015B91500C485FE /* Frameworks */,
				00AE972A2015B91500C485FE /* Resources */,
			);
			buildRules = (
			);
			dependencies = (
			);
			name = MotionGraphs;
			productName = MotionGraphs;
			productReference = 00AE972C2015B91500C485FE /* MotionGraphs.app */;
			productType = "com.apple.product-type.application";
		};
/* End PBXNativeTarget section */

/* Begin PBXProject section */
		00AE97242015B91500C485FE /* Project object */ = {
			isa = PBXProject;
			attributes = {
				LastSwiftUpdateCheck = 0920;
				LastUpgradeCheck = 0920;
				ORGANIZATIONNAME = TendCloud;
				TargetAttributes = {
					00AE972B2015B91500C485FE = {
						CreatedOnToolsVersion = 9.2;
						ProvisioningStyle = Automatic;
					};
				};
			};
			buildConfigurationList = 00AE97272015B91500C485FE /* Build configuration list for PBXProject "MotionGraphs" */;
			compatibilityVersion = "Xcode 8.0";
			developmentRegion = en;
			hasScannedForEncodings = 0;
			knownRegions = (
				en,
				Base,
			);
			mainGroup = 00AE97232015B91500C485FE;
			productRefGroup = 00AE972D2015B91500C485FE /* Products */;
			projectDirPath = "";
			projectRoot = "";
			targets = (
				00AE972B2015B91500C485FE /* MotionGraphs */,
			);
		};
/* End PBXProject section */

/* Begin PBXResourcesBuildPhase section */
		00AE972A2015B91500C485FE /* Resources */ = {
			isa = PBXResourcesBuildPhase;
			buildActionMask = 2147483647;
			files = (
				00AE973A2015B91500C485FE /* LaunchScreen.storyboard in Resources */,
				00AE97372015B91500C485FE /* Assets.xcassets in Resources */,
				00AE97352015B91500C485FE /* Main.storyboard in Resources */,
			);
			runOnlyForDeploymentPostprocessing = 0;
		};
/* End PBXResourcesBuildPhase section */

/* Begin PBXSourcesBuildPhase section */
		00AE97282015B91500C485FE /* Sources */ = {
			isa = PBXSourcesBuildPhase;
			buildActionMask = 2147483647;
			files = (
				00AE97462016E31100C485FE /* MyActivityClassifier.mlmodel in Sources */,
				00AE97322015B91500C485FE /* ViewController.swift in Sources */,
				00AE97442015D67700C485FE /* ModelConstants.swift in Sources */,
				00AE97302015B91500C485FE /* AppDelegate.swift in Sources */,
			);
			runOnlyForDeploymentPostprocessing = 0;
		};
/* End PBXSourcesBuildPhase section */

/* Begin PBXVariantGroup section */
		00AE97332015B91500C485FE /* Main.storyboard */ = {
			isa = PBXVariantGroup;
			children = (
				00AE97342015B91500C485FE /* Base */,
			);
			name = Main.storyboard;
			sourceTree = "<group>";
		};
		00AE97382015B91500C485FE /* LaunchScreen.storyboard */ = {
			isa = PBXVariantGroup;
			children = (
				00AE97392015B91500C485FE /* Base */,
			);
			name = LaunchScreen.storyboard;
			sourceTree = "<group>";
		};
/* End PBXVariantGroup section */

/* Begin XCBuildConfiguration section */
		00AE973C2015B91500C485FE /* Debug */ = {
			isa = XCBuildConfiguration;
			buildSettings = {
				ALWAYS_SEARCH_USER_PATHS = NO;
				CLANG_ANALYZER_NONNULL = YES;
				CLANG_ANALYZER_NUMBER_OBJECT_CONVERSION = YES_AGGRESSIVE;
				CLANG_CXX_LANGUAGE_STANDARD = "gnu++14";
				CLANG_CXX_LIBRARY = "libc++";
				CLANG_ENABLE_MODULES = YES;
				CLANG_ENABLE_OBJC_ARC = YES;
				CLANG_WARN_BLOCK_CAPTURE_AUTORELEASING = YES;
				CLANG_WARN_BOOL_CONVERSION = YES;
				CLANG_WARN_COMMA = YES;
				CLANG_WARN_CONSTANT_CONVERSION = YES;
				CLANG_WARN_DIRECT_OBJC_ISA_USAGE = YES_ERROR;
				CLANG_WARN_DOCUMENTATION_COMMENTS = YES;
				CLANG_WARN_EMPTY_BODY = YES;
				CLANG_WARN_ENUM_CONVERSION = YES;
				CLANG_WARN_INFINITE_RECURSION = YES;
				CLANG_WARN_INT_CONVERSION = YES;
				CLANG_WARN_NON_LITERAL_NULL_CONVERSION = YES;
				CLANG_WARN_OBJC_LITERAL_CONVERSION = YES;
				CLANG_WARN_OBJC_ROOT_CLASS = YES_ERROR;
				CLANG_WARN_RANGE_LOOP_ANALYSIS = YES;
				CLANG_WARN_STRICT_PROTOTYPES = YES;
				CLANG_WARN_SUSPICIOUS_MOVE = YES;
				CLANG_WARN_UNGUARDED_AVAILABILITY = YES_AGGRESSIVE;
				CLANG_WARN_UNREACHABLE_CODE = YES;
				CLANG_WARN__DUPLICATE_METHOD_MATCH = YES;
				CODE_SIGN_IDENTITY = "iPhone Developer";
				COPY_PHASE_STRIP = NO;
				DEBUG_INFORMATION_FORMAT = dwarf;
				ENABLE_STRICT_OBJC_MSGSEND = YES;
				ENABLE_TESTABILITY = YES;
				GCC_C_LANGUAGE_STANDARD = gnu11;
				GCC_DYNAMIC_NO_PIC = NO;
				GCC_NO_COMMON_BLOCKS = YES;
				GCC_OPTIMIZATION_LEVEL = 0;
				GCC_PREPROCESSOR_DEFINITIONS = (
					"DEBUG=1",
					"$(inherited)",
				);
				GCC_WARN_64_TO_32_BIT_CONVERSION = YES;
				GCC_WARN_ABOUT_RETURN_TYPE = YES_ERROR;
				GCC_WARN_UNDECLARED_SELECTOR = YES;
				GCC_WARN_UNINITIALIZED_AUTOS = YES_AGGRESSIVE;
				GCC_WARN_UNUSED_FUNCTION = YES;
				GCC_WARN_UNUSED_VARIABLE = YES;
				IPHONEOS_DEPLOYMENT_TARGET = 11.2;
				MTL_ENABLE_DEBUG_INFO = YES;
				ONLY_ACTIVE_ARCH = YES;
				SDKROOT = iphoneos;
				SWIFT_ACTIVE_COMPILATION_CONDITIONS = DEBUG;
				SWIFT_OPTIMIZATION_LEVEL = "-Onone";
			};
			name = Debug;
		};
		00AE973D2015B91500C485FE /* Release */ = {
			isa = XCBuildConfiguration;
			buildSettings = {
				ALWAYS_SEARCH_USER_PATHS = NO;
				CLANG_ANALYZER_NONNULL = YES;
				CLANG_ANALYZER_NUMBER_OBJECT_CONVERSION = YES_AGGRESSIVE;
				CLANG_CXX_LANGUAGE_STANDARD = "gnu++14";
				CLANG_CXX_LIBRARY = "libc++";
				CLANG_ENABLE_MODULES = YES;
				CLANG_ENABLE_OBJC_ARC = YES;
				CLANG_WARN_BLOCK_CAPTURE_AUTORELEASING = YES;
				CLANG_WARN_BOOL_CONVERSION = YES;
				CLANG_WARN_COMMA = YES;
				CLANG_WARN_CONSTANT_CONVERSION = YES;
				CLANG_WARN_DIRECT_OBJC_ISA_USAGE = YES_ERROR;
				CLANG_WARN_DOCUMENTATION_COMMENTS = YES;
				CLANG_WARN_EMPTY_BODY = YES;
				CLANG_WARN_ENUM_CONVERSION = YES;
				CLANG_WARN_INFINITE_RECURSION = YES;
				CLANG_WARN_INT_CONVERSION = YES;
				CLANG_WARN_NON_LITERAL_NULL_CONVERSION = YES;
				CLANG_WARN_OBJC_LITERAL_CONVERSION = YES;
				CLANG_WARN_OBJC_ROOT_CLASS = YES_ERROR;
				CLANG_WARN_RANGE_LOOP_ANALYSIS = YES;
				CLANG_WARN_STRICT_PROTOTYPES = YES;
				CLANG_WARN_SUSPICIOUS_MOVE = YES;
				CLANG_WARN_UNGUARDED_AVAILABILITY = YES_AGGRESSIVE;
				CLANG_WARN_UNREACHABLE_CODE = YES;
				CLANG_WARN__DUPLICATE_METHOD_MATCH = YES;
				CODE_SIGN_IDENTITY = "iPhone Developer";
				COPY_PHASE_STRIP = NO;
				DEBUG_INFORMATION_FORMAT = "dwarf-with-dsym";
				ENABLE_NS_ASSERTIONS = NO;
				ENABLE_STRICT_OBJC_MSGSEND = YES;
				GCC_C_LANGUAGE_STANDARD = gnu11;
				GCC_NO_COMMON_BLOCKS = YES;
				GCC_WARN_64_TO_32_BIT_CONVERSION = YES;
				GCC_WARN_ABOUT_RETURN_TYPE = YES_ERROR;
				GCC_WARN_UNDECLARED_SELECTOR = YES;
				GCC_WARN_UNINITIALIZED_AUTOS = YES_AGGRESSIVE;
				GCC_WARN_UNUSED_FUNCTION = YES;
				GCC_WARN_UNUSED_VARIABLE = YES;
				IPHONEOS_DEPLOYMENT_TARGET = 11.2;
				MTL_ENABLE_DEBUG_INFO = NO;
				SDKROOT = iphoneos;
				SWIFT_OPTIMIZATION_LEVEL = "-Owholemodule";
				VALIDATE_PRODUCT = YES;
			};
			name = Release;
		};
		00AE973F2015B91500C485FE /* Debug */ = {
			isa = XCBuildConfiguration;
			buildSettings = {
				ASSETCATALOG_COMPILER_APPICON_NAME = AppIcon;
				CODE_SIGN_STYLE = Automatic;
				DEVELOPMENT_TEAM = W7YDEDGW4E;
				INFOPLIST_FILE = MotionGraphs/Info.plist;
				LD_RUNPATH_SEARCH_PATHS = "$(inherited) @executable_path/Frameworks";
				PRODUCT_BUNDLE_IDENTIFIER = com.TalkingData.MotionGraphs;
				PRODUCT_NAME = "$(TARGET_NAME)";
				SWIFT_VERSION = 4.0;
				TARGETED_DEVICE_FAMILY = "1,2";
			};
			name = Debug;
		};
		00AE97402015B91500C485FE /* Release */ = {
			isa = XCBuildConfiguration;
			buildSettings = {
				ASSETCATALOG_COMPILER_APPICON_NAME = AppIcon;
				CODE_SIGN_STYLE = Automatic;
				DEVELOPMENT_TEAM = W7YDEDGW4E;
				INFOPLIST_FILE = MotionGraphs/Info.plist;
				LD_RUNPATH_SEARCH_PATHS = "$(inherited) @executable_path/Frameworks";
				PRODUCT_BUNDLE_IDENTIFIER = com.TalkingData.MotionGraphs;
				PRODUCT_NAME = "$(TARGET_NAME)";
				SWIFT_VERSION = 4.0;
				TARGETED_DEVICE_FAMILY = "1,2";
			};
			name = Release;
		};
/* End XCBuildConfiguration section */

/* Begin XCConfigurationList section */
		00AE97272015B91500C485FE /* Build configuration list for PBXProject "MotionGraphs" */ = {
			isa = XCConfigurationList;
			buildConfigurations = (
				00AE973C2015B91500C485FE /* Debug */,
				00AE973D2015B91500C485FE /* Release */,
			);
			defaultConfigurationIsVisible = 0;
			defaultConfigurationName = Release;
		};
		00AE973E2015B91500C485FE /* Build configuration list for PBXNativeTarget "MotionGraphs" */ = {
			isa = XCConfigurationList;
			buildConfigurations = (
				00AE973F2015B91500C485FE /* Debug */,
				00AE97402015B91500C485FE /* Release */,
			);
			defaultConfigurationIsVisible = 0;
			defaultConfigurationName = Release;
		};
/* End XCConfigurationList section */
	};
	rootObject = 00AE97242015B91500C485FE /* Project object */;
}
